{
  "pins" : [
    {
      "identity" : "alamofire?ysclid=lau050hdxs742284708",
      "kind" : "remoteSourceControl",
      "location" : "https://github.com/Alamofire/Alamofire?ysclid=lau050hdxs742284708",
      "state" : {
        "branch" : "master",
        "revision" : "78424be314842833c04bc3bef5b72e85fff99204"
      }
    },
    {
      "identity" : "snapkit",
      "kind" : "remoteSourceControl",
      "location" : "https://github.com/SnapKit/SnapKit.git",
      "state" : {
        "branch" : "develop",
        "revision" : "58320fe80522414bf3a7e24c88123581dc586752"
      }
    }
  ],
  "version" : 2
}
